<?xml version="1.0" encoding="UTF-8" standalone="yes" ?>
<CodeBlocks_project_file>
	<FileVersion major="1" minor="6" />
	<Project>
		<Option title="CamReader" />
		<Option pch_mode="2" />
		<Option compiler="gcc" />
		<Build>
			<Target title="Debug">
				<Option output="bin\Debug\CamReader" prefix_auto="1" extension_auto="1" />
				<Option object_output="obj\Debug\" />
				<Option type="1" />
				<Option compiler="gcc" />
				<Compiler>
					<Add option="-g" />
				</Compiler>
				<Linker>
					<Add library="$(#opencv_home)\lib\libopencv_flann231d.a" />
					<Add library="$(#opencv_home)\lib\libopencv_imgproc231d.a" />
					<Add library="$(#opencv_home)\lib\libopencv_highgui231d.a" />
					<Add library="$(#opencv_home)\lib\libopencv_ml231d.a" />
					<Add library="$(#opencv_home)\lib\libopencv_video231d.a" />
					<Add library="$(#opencv_home)\lib\libopencv_objdetect231d.a" />
					<Add library="$(#opencv_home)\lib\libopencv_features2d231d.a" />
					<Add library="$(#opencv_home)\lib\libopencv_calib3d231d.a" />
					<Add library="$(#opencv_home)\lib\libopencv_legacy231d.a" />
					<Add library="$(#opencv_home)\lib\libopencv_contrib231d.a" />
					<Add library="$(#opencv_home)\lib\libopencv_core231d.a" />
					<Add library="$(#mingw_home)\lib\libgdi32.a" />
					<Add library="$(#mingw_home)\lib\libcomctl32.a" />
					<Add library="$(#mingw_home)\lib\libcomdlg32.a" />
					<Add library="$(#mingw_home)\lib\libuuid.a" />
					<Add library="$(#mingw_home)\lib\liboleaut32.a" />
					<Add library="$(#mingw_home)\lib\libole32.a" />
					<Add library="$(#mingw_home)\lib\libavifil32.a" />
					<Add library="$(#mingw_home)\lib\libavicap32.a" />
					<Add library="$(#mingw_home)\lib\libvfw32.a" />
					<Add library="$(#opencv_home)\share\OpenCV\3rdparty\lib\libzlibd.a" />
					<Add library="$(#opencv_home)\share\OpenCV\3rdparty\lib\liblibtiffd.a" />
					<Add library="$(#opencv_home)\share\OpenCV\3rdparty\lib\liblibjasperd.a" />
					<Add library="$(#opencv_home)\share\OpenCV\3rdparty\lib\liblibjpegd.a" />
					<Add library="$(#opencv_home)\share\OpenCV\3rdparty\lib\liblibpngd.a" />
					<Add library="$(#boost_home)\stage\lib\libboost_iostreams-mgw44-mt-d-1_48.a" />
					<Add library="$(#boost_home)\stage\lib\libboost_system-mgw44-mt-d-1_48.a" />
					<Add library="$(#boost_home)\stage\lib\libboost_filesystem-mgw44-mt-d-1_48.a" />
				</Linker>
			</Target>
			<Target title="Release">
				<Option output="bin\Release\CamReader" prefix_auto="1" extension_auto="1" />
				<Option object_output="obj\Release\" />
				<Option type="1" />
				<Option compiler="gcc" />
				<Compiler>
					<Add option="-O2" />
				</Compiler>
				<Linker>
					<Add option="-s" />
					<Add library="$(#opencv_home)\lib\libopencv_flann231.a" />
					<Add library="$(#opencv_home)\lib\libopencv_imgproc231.a" />
					<Add library="$(#opencv_home)\lib\libopencv_highgui231.a" />
					<Add library="$(#opencv_home)\lib\libopencv_ml231.a" />
					<Add library="$(#opencv_home)\lib\libopencv_video231.a" />
					<Add library="$(#opencv_home)\lib\libopencv_objdetect231.a" />
					<Add library="$(#opencv_home)\lib\libopencv_features2d231.a" />
					<Add library="$(#opencv_home)\lib\libopencv_calib3d231.a" />
					<Add library="$(#opencv_home)\lib\libopencv_legacy231.a" />
					<Add library="$(#opencv_home)\lib\libopencv_contrib231.a" />
					<Add library="$(#opencv_home)\lib\libopencv_core231.a" />
					<Add library="$(#mingw_home)\lib\libgdi32.a" />
					<Add library="$(#mingw_home)\lib\libcomctl32.a" />
					<Add library="$(#mingw_home)\lib\libcomdlg32.a" />
					<Add library="$(#mingw_home)\lib\libuuid.a" />
					<Add library="$(#mingw_home)\lib\liboleaut32.a" />
					<Add library="$(#mingw_home)\lib\libole32.a" />
					<Add library="$(#mingw_home)\lib\libavifil32.a" />
					<Add library="$(#mingw_home)\lib\libavicap32.a" />
					<Add library="$(#mingw_home)\lib\libvfw32.a" />
					<Add library="$(#opencv_home)\share\OpenCV\3rdparty\lib\libzlib.a" />
					<Add library="$(#opencv_home)\share\OpenCV\3rdparty\lib\liblibtiff.a" />
					<Add library="$(#opencv_home)\share\OpenCV\3rdparty\lib\liblibjasper.a" />
					<Add library="$(#opencv_home)\share\OpenCV\3rdparty\lib\liblibjpeg.a" />
					<Add library="$(#opencv_home)\share\OpenCV\3rdparty\lib\liblibpng.a" />
					<Add library="$(#boost_home)\stage\lib\libboost_iostreams-mgw44-mt-1_48.a" />
					<Add library="$(#boost_home)\stage\lib\libboost_system-mgw44-mt-1_48.a" />
					<Add library="$(#boost_home)\stage\lib\libboost_filesystem-mgw44-mt-1_48.a" />
				</Linker>
			</Target>
		</Build>
		<Compiler>
			<Add option="-Wall" />
			<Add option="-fexceptions" />
			<Add option="-D_WIN32_WINNT=0x0501" />
			<Add directory="include" />
			<Add directory="$(#opencv_home)\include\opencv" />
			<Add directory="$(#opencv_home)\include" />
			<Add directory="$(#boost_home)" />
		</Compiler>
		<Linker>
			<Add library="$(#mingw_home)\lib\libws2_32.a" />
		</Linker>
		<Unit filename="include\MjpegCapture.h" />
		<Unit filename="include\preprocessing.h" />
		<Unit filename="main.cpp" />
		<Unit filename="src\MjpegCapture.cpp" />
		<Unit filename="src\nn_256-7-1.cpp" />
		<Unit filename="src\nn_256_5_3_1.cpp" />
		<Unit filename="src\preprocessing.cpp" />
		<Extensions>
			<code_completion />
			<debugger />
		</Extensions>
	</Project>
</CodeBlocks_project_file>
